// !$*UTF8*$!
{
	archiveVersion = 1;
	classes = {
	};
	objectVersion = 55;
	objects = {

/* Begin PBXBuildFile section */
		B064F7B927FDF482001811FE /* RecuPassView.swift in Sources */ = {isa = PBXBuildFile; fileRef = B064F7B827FDF482001811FE /* RecuPassView.swift */; };
		B064F7C627FE2739001811FE /* NuevaPassView.swift in Sources */ = {isa = PBXBuildFile; fileRef = B064F7C527FE2739001811FE /* NuevaPassView.swift */; };
		B075219627FA1B1A009386AB /* SetAppApp.swift in Sources */ = {isa = PBXBuildFile; fileRef = B075219527FA1B1A009386AB /* SetAppApp.swift */; };
		B075219827FA1B1A009386AB /* ContentView.swift in Sources */ = {isa = PBXBuildFile; fileRef = B075219727FA1B1A009386AB /* ContentView.swift */; };
		B075219A27FA1B1C009386AB /* Assets.xcassets in Resources */ = {isa = PBXBuildFile; fileRef = B075219927FA1B1C009386AB /* Assets.xcassets */; };
		B075219D27FA1B1C009386AB /* Preview Assets.xcassets in Resources */ = {isa = PBXBuildFile; fileRef = B075219C27FA1B1C009386AB /* Preview Assets.xcassets */; };
		B07521A627FA1C69009386AB /* LoginView.swift in Sources */ = {isa = PBXBuildFile; fileRef = B07521A527FA1C69009386AB /* LoginView.swift */; };
		B07521A827FA3BC3009386AB /* RegistroView.swift in Sources */ = {isa = PBXBuildFile; fileRef = B07521A727FA3BC2009386AB /* RegistroView.swift */; };
		B0980F9B27FEF2910000EF62 /* PerfilView.swift in Sources */ = {isa = PBXBuildFile; fileRef = B0980F9A27FEF2910000EF62 /* PerfilView.swift */; };
		B0980FA527FEF3F30000EF62 /* MenuDesplegableView.swift in Sources */ = {isa = PBXBuildFile; fileRef = B0980FA427FEF3F30000EF62 /* MenuDesplegableView.swift */; };
		B0980FA927FF307B0000EF62 /* VistaPreviaView.swift in Sources */ = {isa = PBXBuildFile; fileRef = B0980FA827FF307B0000EF62 /* VistaPreviaView.swift */; };
		B0980FAB27FF43930000EF62 /* MenuView.swift in Sources */ = {isa = PBXBuildFile; fileRef = B0980FAA27FF43930000EF62 /* MenuView.swift */; };
/* End PBXBuildFile section */

/* Begin PBXFileReference section */
		B064F7B827FDF482001811FE /* RecuPassView.swift */ = {isa = PBXFileReference; lastKnownFileType = sourcecode.swift; path = RecuPassView.swift; sourceTree = "<group>"; };
		B064F7BB27FDF5C9001811FE /* Script.sh */ = {isa = PBXFileReference; lastKnownFileType = text.script.sh; path = Script.sh; sourceTree = "<group>"; };
		B064F7C527FE2739001811FE /* NuevaPassView.swift */ = {isa = PBXFileReference; lastKnownFileType = sourcecode.swift; path = NuevaPassView.swift; sourceTree = "<group>"; };
		B075219227FA1B1A009386AB /* SetApp.app */ = {isa = PBXFileReference; explicitFileType = wrapper.application; includeInIndex = 0; path = SetApp.app; sourceTree = BUILT_PRODUCTS_DIR; };
		B075219527FA1B1A009386AB /* SetAppApp.swift */ = {isa = PBXFileReference; lastKnownFileType = sourcecode.swift; path = SetAppApp.swift; sourceTree = "<group>"; };
		B075219727FA1B1A009386AB /* ContentView.swift */ = {isa = PBXFileReference; lastKnownFileType = sourcecode.swift; path = ContentView.swift; sourceTree = "<group>"; };
		B075219927FA1B1C009386AB /* Assets.xcassets */ = {isa = PBXFileReference; lastKnownFileType = folder.assetcatalog; path = Assets.xcassets; sourceTree = "<group>"; };
		B075219C27FA1B1C009386AB /* Preview Assets.xcassets */ = {isa = PBXFileReference; lastKnownFileType = folder.assetcatalog; path = "Preview Assets.xcassets"; sourceTree = "<group>"; };
		B07521A527FA1C69009386AB /* LoginView.swift */ = {isa = PBXFileReference; lastKnownFileType = sourcecode.swift; path = LoginView.swift; sourceTree = "<group>"; };
		B07521A727FA3BC2009386AB /* RegistroView.swift */ = {isa = PBXFileReference; lastKnownFileType = sourcecode.swift; path = RegistroView.swift; sourceTree = "<group>"; };
		B0980F9A27FEF2910000EF62 /* PerfilView.swift */ = {isa = PBXFileReference; lastKnownFileType = sourcecode.swift; path = PerfilView.swift; sourceTree = "<group>"; };
		B0980FA427FEF3F30000EF62 /* MenuDesplegableView.swift */ = {isa = PBXFileReference; lastKnownFileType = sourcecode.swift; path = MenuDesplegableView.swift; sourceTree = "<group>"; usesTabs = 0; };
		B0980FA827FF307B0000EF62 /* VistaPreviaView.swift */ = {isa = PBXFileReference; lastKnownFileType = sourcecode.swift; path = VistaPreviaView.swift; sourceTree = "<group>"; };
		B0980FAA27FF43930000EF62 /* MenuView.swift */ = {isa = PBXFileReference; lastKnownFileType = sourcecode.swift; path = MenuView.swift; sourceTree = "<group>"; };
/* End PBXFileReference section */

/* Begin PBXFrameworksBuildPhase section */
		B075218F27FA1B1A009386AB /* Frameworks */ = {
			isa = PBXFrameworksBuildPhase;
			buildActionMask = 2147483647;
			files = (
			);
			runOnlyForDeploymentPostprocessing = 0;
		};
/* End PBXFrameworksBuildPhase section */

/* Begin PBXGroup section */
		B0448CF327FC5C8400DD6BD2 /* Assets */ = {
			isa = PBXGroup;
			children = (
				B075219927FA1B1C009386AB /* Assets.xcassets */,
				B075219C27FA1B1C009386AB /* Preview Assets.xcassets */,
			);
			path = Assets;
			sourceTree = "<group>";
		};
		B075218927FA1B1A009386AB = {
			isa = PBXGroup;
			children = (
				B075219427FA1B1A009386AB /* SetApp */,
				B075219327FA1B1A009386AB /* Products */,
			);
			sourceTree = "<group>";
		};
		B075219327FA1B1A009386AB /* Products */ = {
			isa = PBXGroup;
			children = (
				B075219227FA1B1A009386AB /* SetApp.app */,
			);
			name = Products;
			sourceTree = "<group>";
		};
		B075219427FA1B1A009386AB /* SetApp */ = {
			isa = PBXGroup;
			children = (
				B07521A427FA1C3F009386AB /* Controladores */,
				B075219527FA1B1A009386AB /* SetAppApp.swift */,
				B0448CF327FC5C8400DD6BD2 /* Assets */,
				B064F7BB27FDF5C9001811FE /* Script.sh */,
			);
			path = SetApp;
			sourceTree = "<group>";
		};
		B07521A327FA1C15009386AB /* Principal */ = {
			isa = PBXGroup;
			children = (
				B075219727FA1B1A009386AB /* ContentView.swift */,
				B07521A527FA1C69009386AB /* LoginView.swift */,
				B07521A727FA3BC2009386AB /* RegistroView.swift */,
				B064F7B827FDF482001811FE /* RecuPassView.swift */,
				B064F7C527FE2739001811FE /* NuevaPassView.swift */,
			);
			path = Principal;
			sourceTree = "<group>";
		};
		B07521A427FA1C3F009386AB /* Controladores */ = {
			isa = PBXGroup;
			children = (
				B0980F9927FEF2740000EF62 /* Cuenta */,
				B07521A327FA1C15009386AB /* Principal */,
			);
			path = Controladores;
			sourceTree = "<group>";
		};
		B0980F9927FEF2740000EF62 /* Cuenta */ = {
			isa = PBXGroup;
			children = (
				B0980FAC27FF44E30000EF62 /* Menu */,
				B0980F9A27FEF2910000EF62 /* PerfilView.swift */,
			);
			path = Cuenta;
			sourceTree = "<group>";
		};
		B0980F9D27FEF2C70000EF62 /* Vistas */ = {
			isa = PBXGroup;
			children = (
				B0980FA427FEF3F30000EF62 /* MenuDesplegableView.swift */,
				B0980FA827FF307B0000EF62 /* VistaPreviaView.swift */,
			);
			path = Vistas;
			sourceTree = "<group>";
		};
		B0980FAC27FF44E30000EF62 /* Menu */ = {
			isa = PBXGroup;
			children = (
				B0980FAA27FF43930000EF62 /* MenuView.swift */,
				B0980F9D27FEF2C70000EF62 /* Vistas */,
			);
			path = Menu;
			sourceTree = "<group>";
		};
/* End PBXGroup section */

/* Begin PBXNativeTarget section */
		B075219127FA1B1A009386AB /* SetApp */ = {
			isa = PBXNativeTarget;
			buildConfigurationList = B07521A027FA1B1C009386AB /* Build configuration list for PBXNativeTarget "SetApp" */;
			buildPhases = (
				B075218E27FA1B1A009386AB /* Sources */,
				B075218F27FA1B1A009386AB /* Frameworks */,
				B075219027FA1B1A009386AB /* Resources */,
			);
			buildRules = (
			);
			dependencies = (
			);
			name = SetApp;
			productName = SetApp;
			productReference = B075219227FA1B1A009386AB /* SetApp.app */;
			productType = "com.apple.product-type.application";
		};
/* End PBXNativeTarget section */

/* Begin PBXProject section */
		B075218A27FA1B1A009386AB /* Project object */ = {
			isa = PBXProject;
			attributes = {
				BuildIndependentTargetsInParallel = 1;
				LastSwiftUpdateCheck = 1330;
				LastUpgradeCheck = 1330;
				TargetAttributes = {
					B075219127FA1B1A009386AB = {
						CreatedOnToolsVersion = 13.3;
					};
				};
			};
			buildConfigurationList = B075218D27FA1B1A009386AB /* Build configuration list for PBXProject "SetApp" */;
			compatibilityVersion = "Xcode 13.0";
			developmentRegion = en;
			hasScannedForEncodings = 0;
			knownRegions = (
				en,
				Base,
			);
			mainGroup = B075218927FA1B1A009386AB;
			productRefGroup = B075219327FA1B1A009386AB /* Products */;
			projectDirPath = "";
			projectRoot = "";
			targets = (
				B075219127FA1B1A009386AB /* SetApp */,
			);
		};
/* End PBXProject section */

/* Begin PBXResourcesBuildPhase section */
		B075219027FA1B1A009386AB /* Resources */ = {
			isa = PBXResourcesBuildPhase;
			buildActionMask = 2147483647;
			files = (
				B075219D27FA1B1C009386AB /* Preview Assets.xcassets in Resources */,
				B075219A27FA1B1C009386AB /* Assets.xcassets in Resources */,
			);
			runOnlyForDeploymentPostprocessing = 0;
		};
/* End PBXResourcesBuildPhase section */

/* Begin PBXSourcesBuildPhase section */
		B075218E27FA1B1A009386AB /* Sources */ = {
			isa = PBXSourcesBuildPhase;
			buildActionMask = 2147483647;
			files = (
				B07521A627FA1C69009386AB /* LoginView.swift in Sources */,
				B0980FAB27FF43930000EF62 /* MenuView.swift in Sources */,
				B0980F9B27FEF2910000EF62 /* PerfilView.swift in Sources */,
				B064F7B927FDF482001811FE /* RecuPassView.swift in Sources */,
				B0980FA927FF307B0000EF62 /* VistaPreviaView.swift in Sources */,
				B075219827FA1B1A009386AB /* ContentView.swift in Sources */,
				B0980FA527FEF3F30000EF62 /* MenuDesplegableView.swift in Sources */,
				B075219627FA1B1A009386AB /* SetAppApp.swift in Sources */,
				B07521A827FA3BC3009386AB /* RegistroView.swift in Sources */,
				B064F7C627FE2739001811FE /* NuevaPassView.swift in Sources */,
			);
			runOnlyForDeploymentPostprocessing = 0;
		};
/* End PBXSourcesBuildPhase section */

/* Begin XCBuildConfiguration section */
		B075219E27FA1B1C009386AB /* Debug */ = {
			isa = XCBuildConfiguration;
			buildSettings = {
				ALWAYS_SEARCH_USER_PATHS = NO;
				CLANG_ANALYZER_NONNULL = YES;
				CLANG_ANALYZER_NUMBER_OBJECT_CONVERSION = YES_AGGRESSIVE;
				CLANG_CXX_LANGUAGE_STANDARD = "gnu++17";
				CLANG_ENABLE_MODULES = YES;
				CLANG_ENABLE_OBJC_ARC = YES;
				CLANG_ENABLE_OBJC_WEAK = YES;
				CLANG_WARN_BLOCK_CAPTURE_AUTORELEASING = YES;
				CLANG_WARN_BOOL_CONVERSION = YES;
				CLANG_WARN_COMMA = YES;
				CLANG_WARN_CONSTANT_CONVERSION = YES;
				CLANG_WARN_DEPRECATED_OBJC_IMPLEMENTATIONS = YES;
				CLANG_WARN_DIRECT_OBJC_ISA_USAGE = YES_ERROR;
				CLANG_WARN_DOCUMENTATION_COMMENTS = YES;
				CLANG_WARN_EMPTY_BODY = YES;
				CLANG_WARN_ENUM_CONVERSION = YES;
				CLANG_WARN_INFINITE_RECURSION = YES;
				CLANG_WARN_INT_CONVERSION = YES;
				CLANG_WARN_NON_LITERAL_NULL_CONVERSION = YES;
				CLANG_WARN_OBJC_IMPLICIT_RETAIN_SELF = YES;
				CLANG_WARN_OBJC_LITERAL_CONVERSION = YES;
				CLANG_WARN_OBJC_ROOT_CLASS = YES_ERROR;
				CLANG_WARN_QUOTED_INCLUDE_IN_FRAMEWORK_HEADER = YES;
				CLANG_WARN_RANGE_LOOP_ANALYSIS = YES;
				CLANG_WARN_STRICT_PROTOTYPES = YES;
				CLANG_WARN_SUSPICIOUS_MOVE = YES;
				CLANG_WARN_UNGUARDED_AVAILABILITY = YES_AGGRESSIVE;
				CLANG_WARN_UNREACHABLE_CODE = YES;
				CLANG_WARN__DUPLICATE_METHOD_MATCH = YES;
				COPY_PHASE_STRIP = NO;
				DEBUG_INFORMATION_FORMAT = dwarf;
				ENABLE_STRICT_OBJC_MSGSEND = YES;
				ENABLE_TESTABILITY = YES;
				GCC_C_LANGUAGE_STANDARD = gnu11;
				GCC_DYNAMIC_NO_PIC = NO;
				GCC_NO_COMMON_BLOCKS = YES;
				GCC_OPTIMIZATION_LEVEL = 0;
				GCC_PREPROCESSOR_DEFINITIONS = (
					"DEBUG=1",
					"$(inherited)",
				);
				GCC_WARN_64_TO_32_BIT_CONVERSION = YES;
				GCC_WARN_ABOUT_RETURN_TYPE = YES_ERROR;
				GCC_WARN_UNDECLARED_SELECTOR = YES;
				GCC_WARN_UNINITIALIZED_AUTOS = YES_AGGRESSIVE;
				GCC_WARN_UNUSED_FUNCTION = YES;
				GCC_WARN_UNUSED_VARIABLE = YES;
				IPHONEOS_DEPLOYMENT_TARGET = 15.4;
				MTL_ENABLE_DEBUG_INFO = INCLUDE_SOURCE;
				MTL_FAST_MATH = YES;
				ONLY_ACTIVE_ARCH = YES;
				SDKROOT = iphoneos;
				SWIFT_ACTIVE_COMPILATION_CONDITIONS = DEBUG;
				SWIFT_OPTIMIZATION_LEVEL = "-Onone";
			};
			name = Debug;
		};
		B075219F27FA1B1C009386AB /* Release */ = {
			isa = XCBuildConfiguration;
			buildSettings = {
				ALWAYS_SEARCH_USER_PATHS = NO;
				CLANG_ANALYZER_NONNULL = YES;
				CLANG_ANALYZER_NUMBER_OBJECT_CONVERSION = YES_AGGRESSIVE;
				CLANG_CXX_LANGUAGE_STANDARD = "gnu++17";
				CLANG_ENABLE_MODULES = YES;
				CLANG_ENABLE_OBJC_ARC = YES;
				CLANG_ENABLE_OBJC_WEAK = YES;
				CLANG_WARN_BLOCK_CAPTURE_AUTORELEASING = YES;
				CLANG_WARN_BOOL_CONVERSION = YES;
				CLANG_WARN_COMMA = YES;
				CLANG_WARN_CONSTANT_CONVERSION = YES;
				CLANG_WARN_DEPRECATED_OBJC_IMPLEMENTATIONS = YES;
				CLANG_WARN_DIRECT_OBJC_ISA_USAGE = YES_ERROR;
				CLANG_WARN_DOCUMENTATION_COMMENTS = YES;
				CLANG_WARN_EMPTY_BODY = YES;
				CLANG_WARN_ENUM_CONVERSION = YES;
				CLANG_WARN_INFINITE_RECURSION = YES;
				CLANG_WARN_INT_CONVERSION = YES;
				CLANG_WARN_NON_LITERAL_NULL_CONVERSION = YES;
				CLANG_WARN_OBJC_IMPLICIT_RETAIN_SELF = YES;
				CLANG_WARN_OBJC_LITERAL_CONVERSION = YES;
				CLANG_WARN_OBJC_ROOT_CLASS = YES_ERROR;
				CLANG_WARN_QUOTED_INCLUDE_IN_FRAMEWORK_HEADER = YES;
				CLANG_WARN_RANGE_LOOP_ANALYSIS = YES;
				CLANG_WARN_STRICT_PROTOTYPES = YES;
				CLANG_WARN_SUSPICIOUS_MOVE = YES;
				CLANG_WARN_UNGUARDED_AVAILABILITY = YES_AGGRESSIVE;
				CLANG_WARN_UNREACHABLE_CODE = YES;
				CLANG_WARN__DUPLICATE_METHOD_MATCH = YES;
				COPY_PHASE_STRIP = NO;
				DEBUG_INFORMATION_FORMAT = "dwarf-with-dsym";
				ENABLE_NS_ASSERTIONS = NO;
				ENABLE_STRICT_OBJC_MSGSEND = YES;
				GCC_C_LANGUAGE_STANDARD = gnu11;
				GCC_NO_COMMON_BLOCKS = YES;
				GCC_WARN_64_TO_32_BIT_CONVERSION = YES;
				GCC_WARN_ABOUT_RETURN_TYPE = YES_ERROR;
				GCC_WARN_UNDECLARED_SELECTOR = YES;
				GCC_WARN_UNINITIALIZED_AUTOS = YES_AGGRESSIVE;
				GCC_WARN_UNUSED_FUNCTION = YES;
				GCC_WARN_UNUSED_VARIABLE = YES;
				IPHONEOS_DEPLOYMENT_TARGET = 15.4;
				MTL_ENABLE_DEBUG_INFO = NO;
				MTL_FAST_MATH = YES;
				SDKROOT = iphoneos;
				SWIFT_COMPILATION_MODE = wholemodule;
				SWIFT_OPTIMIZATION_LEVEL = "-O";
				VALIDATE_PRODUCT = YES;
			};
			name = Release;
		};
		B07521A127FA1B1C009386AB /* Debug */ = {
			isa = XCBuildConfiguration;
			buildSettings = {
				ASSETCATALOG_COMPILER_APPICON_NAME = AppIcon;
				ASSETCATALOG_COMPILER_GLOBAL_ACCENT_COLOR_NAME = AccentColor;
				CODE_SIGN_STYLE = Automatic;
				CURRENT_PROJECT_VERSION = 1;
				DEVELOPMENT_TEAM = HA55PZG2CJ;
				ENABLE_PREVIEWS = YES;
				GENERATE_INFOPLIST_FILE = YES;
				INFOPLIST_KEY_UIApplicationSceneManifest_Generation = YES;
				INFOPLIST_KEY_UIApplicationSupportsIndirectInputEvents = YES;
				INFOPLIST_KEY_UILaunchScreen_Generation = YES;
				INFOPLIST_KEY_UISupportedInterfaceOrientations_iPad = "UIInterfaceOrientationPortrait UIInterfaceOrientationPortraitUpsideDown UIInterfaceOrientationLandscapeLeft UIInterfaceOrientationLandscapeRight";
				INFOPLIST_KEY_UISupportedInterfaceOrientations_iPhone = "UIInterfaceOrientationPortrait UIInterfaceOrientationLandscapeLeft UIInterfaceOrientationLandscapeRight";
				LD_RUNPATH_SEARCH_PATHS = (
					"$(inherited)",
					"@executable_path/Frameworks",
				);
				MARKETING_VERSION = 1.0;
				PRODUCT_BUNDLE_IDENTIFIER = code.SetApp;
				PRODUCT_NAME = "$(TARGET_NAME)";
				SWIFT_EMIT_LOC_STRINGS = YES;
				SWIFT_VERSION = 5.0;
				TARGETED_DEVICE_FAMILY = "1,2";
			};
			name = Debug;
		};
		B07521A227FA1B1C009386AB /* Release */ = {
			isa = XCBuildConfiguration;
			buildSettings = {
				ASSETCATALOG_COMPILER_APPICON_NAME = AppIcon;
				ASSETCATALOG_COMPILER_GLOBAL_ACCENT_COLOR_NAME = AccentColor;
				CODE_SIGN_STYLE = Automatic;
				CURRENT_PROJECT_VERSION = 1;
				DEVELOPMENT_TEAM = HA55PZG2CJ;
				ENABLE_PREVIEWS = YES;
				GENERATE_INFOPLIST_FILE = YES;
				INFOPLIST_KEY_UIApplicationSceneManifest_Generation = YES;
				INFOPLIST_KEY_UIApplicationSupportsIndirectInputEvents = YES;
				INFOPLIST_KEY_UILaunchScreen_Generation = YES;
				INFOPLIST_KEY_UISupportedInterfaceOrientations_iPad = "UIInterfaceOrientationPortrait UIInterfaceOrientationPortraitUpsideDown UIInterfaceOrientationLandscapeLeft UIInterfaceOrientationLandscapeRight";
				INFOPLIST_KEY_UISupportedInterfaceOrientations_iPhone = "UIInterfaceOrientationPortrait UIInterfaceOrientationLandscapeLeft UIInterfaceOrientationLandscapeRight";
				LD_RUNPATH_SEARCH_PATHS = (
					"$(inherited)",
					"@executable_path/Frameworks",
				);
				MARKETING_VERSION = 1.0;
				PRODUCT_BUNDLE_IDENTIFIER = code.SetApp;
				PRODUCT_NAME = "$(TARGET_NAME)";
				SWIFT_EMIT_LOC_STRINGS = YES;
				SWIFT_VERSION = 5.0;
				TARGETED_DEVICE_FAMILY = "1,2";
			};
			name = Release;
		};
/* End XCBuildConfiguration section */

/* Begin XCConfigurationList section */
		B075218D27FA1B1A009386AB /* Build configuration list for PBXProject "SetApp" */ = {
			isa = XCConfigurationList;
			buildConfigurations = (
				B075219E27FA1B1C009386AB /* Debug */,
				B075219F27FA1B1C009386AB /* Release */,
			);
			defaultConfigurationIsVisible = 0;
			defaultConfigurationName = Release;
		};
		B07521A027FA1B1C009386AB /* Build configuration list for PBXNativeTarget "SetApp" */ = {
			isa = XCConfigurationList;
			buildConfigurations = (
				B07521A127FA1B1C009386AB /* Debug */,
				B07521A227FA1B1C009386AB /* Release */,
			);
			defaultConfigurationIsVisible = 0;
			defaultConfigurationName = Release;
		};
/* End XCConfigurationList section */
	};
	rootObject = B075218A27FA1B1A009386AB /* Project object */;
}
