// !$*UTF8*$!
{
	archiveVersion = 1;
	classes = {
	};
	objectVersion = 55;
	objects = {

/* Begin PBXBuildFile section */
		622AC09F2811B694002A2936 /* UsuarioFormulario.swift in Sources */ = {isa = PBXBuildFile; fileRef = 622AC08A2811B694002A2936 /* UsuarioFormulario.swift */; };
		622AC0A02811B694002A2936 /* UsuarioRegistro.swift in Sources */ = {isa = PBXBuildFile; fileRef = 622AC08B2811B694002A2936 /* UsuarioRegistro.swift */; };
		622AC0A12811B694002A2936 /* ElementoFormularioRegex.swift in Sources */ = {isa = PBXBuildFile; fileRef = 622AC08E2811B694002A2936 /* ElementoFormularioRegex.swift */; };
		622AC0A22811B694002A2936 /* PatronesRegex.swift in Sources */ = {isa = PBXBuildFile; fileRef = 622AC0902811B694002A2936 /* PatronesRegex.swift */; };
		622AC0A32811B694002A2936 /* FormularioEstado.swift in Sources */ = {isa = PBXBuildFile; fileRef = 622AC0922811B694002A2936 /* FormularioEstado.swift */; };
		622AC0A42811B694002A2936 /* ValidarError.swift in Sources */ = {isa = PBXBuildFile; fileRef = 622AC0942811B694002A2936 /* ValidarError.swift */; };
		622AC0A52811B694002A2936 /* ElementoFormulario.swift in Sources */ = {isa = PBXBuildFile; fileRef = 622AC0962811B694002A2936 /* ElementoFormulario.swift */; };
		622AC0A62811B694002A2936 /* FormularioView.swift in Sources */ = {isa = PBXBuildFile; fileRef = 622AC0982811B694002A2936 /* FormularioView.swift */; };
		622AC0A72811B694002A2936 /* SecureFieldFormView.swift in Sources */ = {isa = PBXBuildFile; fileRef = 622AC0992811B694002A2936 /* SecureFieldFormView.swift */; };
		622AC0A82811B694002A2936 /* ContenidoFormularioImpl.swift in Sources */ = {isa = PBXBuildFile; fileRef = 622AC09B2811B694002A2936 /* ContenidoFormularioImpl.swift */; };
		622AC0A92811B694002A2936 /* DateFormView.swift in Sources */ = {isa = PBXBuildFile; fileRef = 622AC09C2811B694002A2936 /* DateFormView.swift */; };
		622AC0AA2811B694002A2936 /* TextFieldFormView.swift in Sources */ = {isa = PBXBuildFile; fileRef = 622AC09D2811B694002A2936 /* TextFieldFormView.swift */; };
		622AC0AB2811B694002A2936 /* ButtonFormView.swift in Sources */ = {isa = PBXBuildFile; fileRef = 622AC09E2811B694002A2936 /* ButtonFormView.swift */; };
		626058232805958F009D2DC2 /* GoogleService-Info.plist in Resources */ = {isa = PBXBuildFile; fileRef = 626058222805958F009D2DC2 /* GoogleService-Info.plist */; };
		62605827280595C0009D2DC2 /* ImagePicker.swift in Sources */ = {isa = PBXBuildFile; fileRef = 62605825280595C0009D2DC2 /* ImagePicker.swift */; };
		62605828280595C0009D2DC2 /* ParsearFecha.swift in Sources */ = {isa = PBXBuildFile; fileRef = 62605826280595C0009D2DC2 /* ParsearFecha.swift */; };
		6260582C280595D3009D2DC2 /* Usuario.swift in Sources */ = {isa = PBXBuildFile; fileRef = 6260582B280595D3009D2DC2 /* Usuario.swift */; };
		62605830280595DB009D2DC2 /* SubirImagen.swift in Sources */ = {isa = PBXBuildFile; fileRef = 6260582E280595DB009D2DC2 /* SubirImagen.swift */; };
		62605831280595DB009D2DC2 /* ServicioUsuario.swift in Sources */ = {isa = PBXBuildFile; fileRef = 6260582F280595DB009D2DC2 /* ServicioUsuario.swift */; };
		6260585D280595E1009D2DC2 /* NotificacionesView.swift in Sources */ = {isa = PBXBuildFile; fileRef = 62605834280595E1009D2DC2 /* NotificacionesView.swift */; };
		6260585E280595E1009D2DC2 /* CabeceraAutentificacionView.swift in Sources */ = {isa = PBXBuildFile; fileRef = 62605837280595E1009D2DC2 /* CabeceraAutentificacionView.swift */; };
		6260585F280595E1009D2DC2 /* CamposEntrada.swift in Sources */ = {isa = PBXBuildFile; fileRef = 62605839280595E1009D2DC2 /* CamposEntrada.swift */; };
		62605860280595E1009D2DC2 /* CustomInputField.swift in Sources */ = {isa = PBXBuildFile; fileRef = 6260583A280595E1009D2DC2 /* CustomInputField.swift */; };
		62605861280595E1009D2DC2 /* FormaCircular.swift in Sources */ = {isa = PBXBuildFile; fileRef = 6260583B280595E1009D2DC2 /* FormaCircular.swift */; };
		62605862280595E1009D2DC2 /* VistaPrincipalView.swift in Sources */ = {isa = PBXBuildFile; fileRef = 6260583D280595E1009D2DC2 /* VistaPrincipalView.swift */; };
		62605863280595E1009D2DC2 /* PerfilView.swift in Sources */ = {isa = PBXBuildFile; fileRef = 62605841280595E1009D2DC2 /* PerfilView.swift */; };
		62605864280595E1009D2DC2 /* MenuDeslizanteModeloView.swift in Sources */ = {isa = PBXBuildFile; fileRef = 62605844280595E1009D2DC2 /* MenuDeslizanteModeloView.swift */; };
		62605865280595E1009D2DC2 /* MenuDeslizanteView.swift in Sources */ = {isa = PBXBuildFile; fileRef = 62605846280595E1009D2DC2 /* MenuDeslizanteView.swift */; };
		62605866280595E1009D2DC2 /* MenuDeslizanteFilaElementoView.swift in Sources */ = {isa = PBXBuildFile; fileRef = 62605847280595E1009D2DC2 /* MenuDeslizanteFilaElementoView.swift */; };
		62605867280595E1009D2DC2 /* AutentificacionModelView.swift in Sources */ = {isa = PBXBuildFile; fileRef = 6260584A280595E1009D2DC2 /* AutentificacionModelView.swift */; };
		62605868280595E1009D2DC2 /* SeleccionarFotoPefilView.swift in Sources */ = {isa = PBXBuildFile; fileRef = 6260584C280595E1009D2DC2 /* SeleccionarFotoPefilView.swift */; };
		62605869280595E1009D2DC2 /* LoginView.swift in Sources */ = {isa = PBXBuildFile; fileRef = 6260584D280595E1009D2DC2 /* LoginView.swift */; };
		6260586A280595E1009D2DC2 /* RegistroView.swift in Sources */ = {isa = PBXBuildFile; fileRef = 6260584E280595E1009D2DC2 /* RegistroView.swift */; };
		6260586B280595E1009D2DC2 /* BuscadorView.swift in Sources */ = {isa = PBXBuildFile; fileRef = 62605852280595E1009D2DC2 /* BuscadorView.swift */; };
		6260586C280595E1009D2DC2 /* FeedView.swift in Sources */ = {isa = PBXBuildFile; fileRef = 62605856280595E1009D2DC2 /* FeedView.swift */; };
		6260586D280595E1009D2DC2 /* MainTabView.swift in Sources */ = {isa = PBXBuildFile; fileRef = 62605858280595E1009D2DC2 /* MainTabView.swift */; };
		6260586E280595E1009D2DC2 /* MensajesView.swift in Sources */ = {isa = PBXBuildFile; fileRef = 6260585C280595E1009D2DC2 /* MensajesView.swift */; };
		62605871280597C7009D2DC2 /* FirebaseAnalytics in Frameworks */ = {isa = PBXBuildFile; productRef = 62605870280597C7009D2DC2 /* FirebaseAnalytics */; };
		62605873280597C7009D2DC2 /* FirebaseAnalyticsSwift-Beta in Frameworks */ = {isa = PBXBuildFile; productRef = 62605872280597C7009D2DC2 /* FirebaseAnalyticsSwift-Beta */; };
		62605875280597C7009D2DC2 /* FirebaseAuth in Frameworks */ = {isa = PBXBuildFile; productRef = 62605874280597C7009D2DC2 /* FirebaseAuth */; };
		62605877280597C7009D2DC2 /* FirebaseFirestore in Frameworks */ = {isa = PBXBuildFile; productRef = 62605876280597C7009D2DC2 /* FirebaseFirestore */; };
		62605879280597C7009D2DC2 /* FirebaseFirestoreSwift-Beta in Frameworks */ = {isa = PBXBuildFile; productRef = 62605878280597C7009D2DC2 /* FirebaseFirestoreSwift-Beta */; };
		6260587B280597C7009D2DC2 /* FirebaseStorage in Frameworks */ = {isa = PBXBuildFile; productRef = 6260587A280597C7009D2DC2 /* FirebaseStorage */; };
		6260587E280597E2009D2DC2 /* Kingfisher in Frameworks */ = {isa = PBXBuildFile; productRef = 6260587D280597E2009D2DC2 /* Kingfisher */; };
		B001F62728157A9600303586 /* SeleccionarFoto.swift in Sources */ = {isa = PBXBuildFile; fileRef = B001F62628157A9600303586 /* SeleccionarFoto.swift */; };
		B001F6292815C42F00303586 /* ServicioProducto.swift in Sources */ = {isa = PBXBuildFile; fileRef = B001F6282815C42F00303586 /* ServicioProducto.swift */; };
		B001F62B2815C85300303586 /* GuardarPublicacionViewModel.swift in Sources */ = {isa = PBXBuildFile; fileRef = B001F62A2815C85200303586 /* GuardarPublicacionViewModel.swift */; };
		B01BB2E3280DA34D00E38958 /* PublicationItem.swift in Sources */ = {isa = PBXBuildFile; fileRef = B01BB2E2280DA34D00E38958 /* PublicationItem.swift */; };
		B01BB2E9280E01B000E38958 /* CourseView.swift in Sources */ = {isa = PBXBuildFile; fileRef = B01BB2E8280E01B000E38958 /* CourseView.swift */; };
		B027AD5528096C7F001345B2 /* EditPerfilView.swift in Sources */ = {isa = PBXBuildFile; fileRef = B027AD5428096C7F001345B2 /* EditPerfilView.swift */; };
		B027AD602809CB0B001345B2 /* Tab.swift in Sources */ = {isa = PBXBuildFile; fileRef = B027AD5F2809CB0B001345B2 /* Tab.swift */; };
		B075219627FA1B1A009386AB /* SetAppApp.swift in Sources */ = {isa = PBXBuildFile; fileRef = B075219527FA1B1A009386AB /* SetAppApp.swift */; };
		B075219827FA1B1A009386AB /* ContentView.swift in Sources */ = {isa = PBXBuildFile; fileRef = B075219727FA1B1A009386AB /* ContentView.swift */; };
		B075219A27FA1B1C009386AB /* Assets.xcassets in Resources */ = {isa = PBXBuildFile; fileRef = B075219927FA1B1C009386AB /* Assets.xcassets */; };
		B075219D27FA1B1C009386AB /* Preview Assets.xcassets in Resources */ = {isa = PBXBuildFile; fileRef = B075219C27FA1B1C009386AB /* Preview Assets.xcassets */; };
		B0C75C1C2808147D00AA7A9B /* PublicacionView.swift in Sources */ = {isa = PBXBuildFile; fileRef = B0C75C1B2808147D00AA7A9B /* PublicacionView.swift */; };
		B0F61895280C9D49001712ED /* EditPubliView.swift in Sources */ = {isa = PBXBuildFile; fileRef = B0F61894280C9D49001712ED /* EditPubliView.swift */; };
/* End PBXBuildFile section */

/* Begin PBXFileReference section */
		622AC08A2811B694002A2936 /* UsuarioFormulario.swift */ = {isa = PBXFileReference; fileEncoding = 4; lastKnownFileType = sourcecode.swift; path = UsuarioFormulario.swift; sourceTree = "<group>"; };
		622AC08B2811B694002A2936 /* UsuarioRegistro.swift */ = {isa = PBXFileReference; fileEncoding = 4; lastKnownFileType = sourcecode.swift; path = UsuarioRegistro.swift; sourceTree = "<group>"; };
		622AC08E2811B694002A2936 /* ElementoFormularioRegex.swift */ = {isa = PBXFileReference; fileEncoding = 4; lastKnownFileType = sourcecode.swift; path = ElementoFormularioRegex.swift; sourceTree = "<group>"; };
		622AC0902811B694002A2936 /* PatronesRegex.swift */ = {isa = PBXFileReference; fileEncoding = 4; lastKnownFileType = sourcecode.swift; path = PatronesRegex.swift; sourceTree = "<group>"; };
		622AC0922811B694002A2936 /* FormularioEstado.swift */ = {isa = PBXFileReference; fileEncoding = 4; lastKnownFileType = sourcecode.swift; path = FormularioEstado.swift; sourceTree = "<group>"; };
		622AC0942811B694002A2936 /* ValidarError.swift */ = {isa = PBXFileReference; fileEncoding = 4; lastKnownFileType = sourcecode.swift; path = ValidarError.swift; sourceTree = "<group>"; };
		622AC0962811B694002A2936 /* ElementoFormulario.swift */ = {isa = PBXFileReference; fileEncoding = 4; lastKnownFileType = sourcecode.swift; path = ElementoFormulario.swift; sourceTree = "<group>"; };
		622AC0982811B694002A2936 /* FormularioView.swift */ = {isa = PBXFileReference; fileEncoding = 4; lastKnownFileType = sourcecode.swift; path = FormularioView.swift; sourceTree = "<group>"; };
		622AC0992811B694002A2936 /* SecureFieldFormView.swift */ = {isa = PBXFileReference; fileEncoding = 4; lastKnownFileType = sourcecode.swift; path = SecureFieldFormView.swift; sourceTree = "<group>"; };
		622AC09B2811B694002A2936 /* ContenidoFormularioImpl.swift */ = {isa = PBXFileReference; fileEncoding = 4; lastKnownFileType = sourcecode.swift; path = ContenidoFormularioImpl.swift; sourceTree = "<group>"; };
		622AC09C2811B694002A2936 /* DateFormView.swift */ = {isa = PBXFileReference; fileEncoding = 4; lastKnownFileType = sourcecode.swift; path = DateFormView.swift; sourceTree = "<group>"; };
		622AC09D2811B694002A2936 /* TextFieldFormView.swift */ = {isa = PBXFileReference; fileEncoding = 4; lastKnownFileType = sourcecode.swift; path = TextFieldFormView.swift; sourceTree = "<group>"; };
		622AC09E2811B694002A2936 /* ButtonFormView.swift */ = {isa = PBXFileReference; fileEncoding = 4; lastKnownFileType = sourcecode.swift; path = ButtonFormView.swift; sourceTree = "<group>"; };
		626058222805958F009D2DC2 /* GoogleService-Info.plist */ = {isa = PBXFileReference; fileEncoding = 4; lastKnownFileType = text.plist.xml; path = "GoogleService-Info.plist"; sourceTree = "<group>"; };
		62605825280595C0009D2DC2 /* ImagePicker.swift */ = {isa = PBXFileReference; fileEncoding = 4; lastKnownFileType = sourcecode.swift; path = ImagePicker.swift; sourceTree = "<group>"; };
		62605826280595C0009D2DC2 /* ParsearFecha.swift */ = {isa = PBXFileReference; fileEncoding = 4; lastKnownFileType = sourcecode.swift; path = ParsearFecha.swift; sourceTree = "<group>"; };
		6260582B280595D3009D2DC2 /* Usuario.swift */ = {isa = PBXFileReference; fileEncoding = 4; lastKnownFileType = sourcecode.swift; path = Usuario.swift; sourceTree = "<group>"; };
		6260582E280595DB009D2DC2 /* SubirImagen.swift */ = {isa = PBXFileReference; fileEncoding = 4; lastKnownFileType = sourcecode.swift; path = SubirImagen.swift; sourceTree = "<group>"; };
		6260582F280595DB009D2DC2 /* ServicioUsuario.swift */ = {isa = PBXFileReference; fileEncoding = 4; lastKnownFileType = sourcecode.swift; path = ServicioUsuario.swift; sourceTree = "<group>"; };
		62605834280595E1009D2DC2 /* NotificacionesView.swift */ = {isa = PBXFileReference; fileEncoding = 4; lastKnownFileType = sourcecode.swift; path = NotificacionesView.swift; sourceTree = "<group>"; };
		62605837280595E1009D2DC2 /* CabeceraAutentificacionView.swift */ = {isa = PBXFileReference; fileEncoding = 4; lastKnownFileType = sourcecode.swift; path = CabeceraAutentificacionView.swift; sourceTree = "<group>"; };
		62605839280595E1009D2DC2 /* CamposEntrada.swift */ = {isa = PBXFileReference; fileEncoding = 4; lastKnownFileType = sourcecode.swift; path = CamposEntrada.swift; sourceTree = "<group>"; };
		6260583A280595E1009D2DC2 /* CustomInputField.swift */ = {isa = PBXFileReference; fileEncoding = 4; lastKnownFileType = sourcecode.swift; path = CustomInputField.swift; sourceTree = "<group>"; };
		6260583B280595E1009D2DC2 /* FormaCircular.swift */ = {isa = PBXFileReference; fileEncoding = 4; lastKnownFileType = sourcecode.swift; path = FormaCircular.swift; sourceTree = "<group>"; };
		6260583D280595E1009D2DC2 /* VistaPrincipalView.swift */ = {isa = PBXFileReference; fileEncoding = 4; lastKnownFileType = sourcecode.swift; path = VistaPrincipalView.swift; sourceTree = "<group>"; };
		62605841280595E1009D2DC2 /* PerfilView.swift */ = {isa = PBXFileReference; fileEncoding = 4; lastKnownFileType = sourcecode.swift; path = PerfilView.swift; sourceTree = "<group>"; };
		62605844280595E1009D2DC2 /* MenuDeslizanteModeloView.swift */ = {isa = PBXFileReference; fileEncoding = 4; lastKnownFileType = sourcecode.swift; path = MenuDeslizanteModeloView.swift; sourceTree = "<group>"; };
		62605846280595E1009D2DC2 /* MenuDeslizanteView.swift */ = {isa = PBXFileReference; fileEncoding = 4; lastKnownFileType = sourcecode.swift; path = MenuDeslizanteView.swift; sourceTree = "<group>"; };
		62605847280595E1009D2DC2 /* MenuDeslizanteFilaElementoView.swift */ = {isa = PBXFileReference; fileEncoding = 4; lastKnownFileType = sourcecode.swift; path = MenuDeslizanteFilaElementoView.swift; sourceTree = "<group>"; };
		6260584A280595E1009D2DC2 /* AutentificacionModelView.swift */ = {isa = PBXFileReference; fileEncoding = 4; lastKnownFileType = sourcecode.swift; path = AutentificacionModelView.swift; sourceTree = "<group>"; };
		6260584C280595E1009D2DC2 /* SeleccionarFotoPefilView.swift */ = {isa = PBXFileReference; fileEncoding = 4; lastKnownFileType = sourcecode.swift; path = SeleccionarFotoPefilView.swift; sourceTree = "<group>"; };
		6260584D280595E1009D2DC2 /* LoginView.swift */ = {isa = PBXFileReference; fileEncoding = 4; lastKnownFileType = sourcecode.swift; path = LoginView.swift; sourceTree = "<group>"; };
		6260584E280595E1009D2DC2 /* RegistroView.swift */ = {isa = PBXFileReference; fileEncoding = 4; lastKnownFileType = sourcecode.swift; path = RegistroView.swift; sourceTree = "<group>"; };
		62605852280595E1009D2DC2 /* BuscadorView.swift */ = {isa = PBXFileReference; fileEncoding = 4; lastKnownFileType = sourcecode.swift; path = BuscadorView.swift; sourceTree = "<group>"; };
		62605856280595E1009D2DC2 /* FeedView.swift */ = {isa = PBXFileReference; fileEncoding = 4; lastKnownFileType = sourcecode.swift; path = FeedView.swift; sourceTree = "<group>"; };
		62605858280595E1009D2DC2 /* MainTabView.swift */ = {isa = PBXFileReference; fileEncoding = 4; lastKnownFileType = sourcecode.swift; path = MainTabView.swift; sourceTree = "<group>"; };
		6260585C280595E1009D2DC2 /* MensajesView.swift */ = {isa = PBXFileReference; fileEncoding = 4; lastKnownFileType = sourcecode.swift; path = MensajesView.swift; sourceTree = "<group>"; };
		B001F62628157A9600303586 /* SeleccionarFoto.swift */ = {isa = PBXFileReference; lastKnownFileType = sourcecode.swift; path = SeleccionarFoto.swift; sourceTree = "<group>"; };
		B001F6282815C42F00303586 /* ServicioProducto.swift */ = {isa = PBXFileReference; lastKnownFileType = sourcecode.swift; path = ServicioProducto.swift; sourceTree = "<group>"; };
		B001F62A2815C85200303586 /* GuardarPublicacionViewModel.swift */ = {isa = PBXFileReference; lastKnownFileType = sourcecode.swift; path = GuardarPublicacionViewModel.swift; sourceTree = "<group>"; };
		B01BB2E2280DA34D00E38958 /* PublicationItem.swift */ = {isa = PBXFileReference; lastKnownFileType = sourcecode.swift; path = PublicationItem.swift; sourceTree = "<group>"; };
		B01BB2E8280E01B000E38958 /* CourseView.swift */ = {isa = PBXFileReference; lastKnownFileType = sourcecode.swift; path = CourseView.swift; sourceTree = "<group>"; };
		B027AD5428096C7F001345B2 /* EditPerfilView.swift */ = {isa = PBXFileReference; lastKnownFileType = sourcecode.swift; path = EditPerfilView.swift; sourceTree = "<group>"; };
		B027AD5F2809CB0B001345B2 /* Tab.swift */ = {isa = PBXFileReference; lastKnownFileType = sourcecode.swift; path = Tab.swift; sourceTree = "<group>"; };
		B064F7BB27FDF5C9001811FE /* Script.sh */ = {isa = PBXFileReference; lastKnownFileType = text.script.sh; path = Script.sh; sourceTree = "<group>"; };
		B075219227FA1B1A009386AB /* SetApp.app */ = {isa = PBXFileReference; explicitFileType = wrapper.application; includeInIndex = 0; path = SetApp.app; sourceTree = BUILT_PRODUCTS_DIR; };
		B075219527FA1B1A009386AB /* SetAppApp.swift */ = {isa = PBXFileReference; lastKnownFileType = sourcecode.swift; path = SetAppApp.swift; sourceTree = "<group>"; };
		B075219727FA1B1A009386AB /* ContentView.swift */ = {isa = PBXFileReference; lastKnownFileType = sourcecode.swift; path = ContentView.swift; sourceTree = "<group>"; };
		B075219927FA1B1C009386AB /* Assets.xcassets */ = {isa = PBXFileReference; lastKnownFileType = folder.assetcatalog; path = Assets.xcassets; sourceTree = "<group>"; };
		B075219C27FA1B1C009386AB /* Preview Assets.xcassets */ = {isa = PBXFileReference; lastKnownFileType = folder.assetcatalog; path = "Preview Assets.xcassets"; sourceTree = "<group>"; };
		B0C75C1B2808147D00AA7A9B /* PublicacionView.swift */ = {isa = PBXFileReference; lastKnownFileType = sourcecode.swift; path = PublicacionView.swift; sourceTree = "<group>"; };
		B0F61894280C9D49001712ED /* EditPubliView.swift */ = {isa = PBXFileReference; lastKnownFileType = sourcecode.swift; path = EditPubliView.swift; sourceTree = "<group>"; };
/* End PBXFileReference section */

/* Begin PBXFrameworksBuildPhase section */
		B075218F27FA1B1A009386AB /* Frameworks */ = {
			isa = PBXFrameworksBuildPhase;
			buildActionMask = 2147483647;
			files = (
				62605873280597C7009D2DC2 /* FirebaseAnalyticsSwift-Beta in Frameworks */,
				62605877280597C7009D2DC2 /* FirebaseFirestore in Frameworks */,
				6260587E280597E2009D2DC2 /* Kingfisher in Frameworks */,
				62605879280597C7009D2DC2 /* FirebaseFirestoreSwift-Beta in Frameworks */,
				62605875280597C7009D2DC2 /* FirebaseAuth in Frameworks */,
				62605871280597C7009D2DC2 /* FirebaseAnalytics in Frameworks */,
				6260587B280597C7009D2DC2 /* FirebaseStorage in Frameworks */,
			);
			runOnlyForDeploymentPostprocessing = 0;
		};
/* End PBXFrameworksBuildPhase section */

/* Begin PBXGroup section */
		622AC0872811B694002A2936 /* Verificacion */ = {
			isa = PBXGroup;
			children = (
				622AC0882811B694002A2936 /* ModeloVista */,
				622AC0972811B694002A2936 /* Vista */,
			);
			path = Verificacion;
			sourceTree = "<group>";
		};
		622AC0882811B694002A2936 /* ModeloVista */ = {
			isa = PBXGroup;
			children = (
				622AC0892811B694002A2936 /* UsuarioRegistro */,
				622AC08C2811B694002A2936 /* Regex */,
				622AC0952811B694002A2936 /* Formulario */,
			);
			path = ModeloVista;
			sourceTree = "<group>";
		};
		622AC0892811B694002A2936 /* UsuarioRegistro */ = {
			isa = PBXGroup;
			children = (
				622AC08A2811B694002A2936 /* UsuarioFormulario.swift */,
				622AC08B2811B694002A2936 /* UsuarioRegistro.swift */,
			);
			path = UsuarioRegistro;
			sourceTree = "<group>";
		};
		622AC08C2811B694002A2936 /* Regex */ = {
			isa = PBXGroup;
			children = (
				622AC08D2811B694002A2936 /* Modelo */,
				622AC08F2811B694002A2936 /* Patrones */,
				622AC0912811B694002A2936 /* Eventos */,
				622AC0932811B694002A2936 /* Errores */,
			);
			path = Regex;
			sourceTree = "<group>";
		};
		622AC08D2811B694002A2936 /* Modelo */ = {
			isa = PBXGroup;
			children = (
				622AC08E2811B694002A2936 /* ElementoFormularioRegex.swift */,
			);
			path = Modelo;
			sourceTree = "<group>";
		};
		622AC08F2811B694002A2936 /* Patrones */ = {
			isa = PBXGroup;
			children = (
				622AC0902811B694002A2936 /* PatronesRegex.swift */,
			);
			path = Patrones;
			sourceTree = "<group>";
		};
		622AC0912811B694002A2936 /* Eventos */ = {
			isa = PBXGroup;
			children = (
				622AC0922811B694002A2936 /* FormularioEstado.swift */,
			);
			path = Eventos;
			sourceTree = "<group>";
		};
		622AC0932811B694002A2936 /* Errores */ = {
			isa = PBXGroup;
			children = (
				622AC0942811B694002A2936 /* ValidarError.swift */,
			);
			path = Errores;
			sourceTree = "<group>";
		};
		622AC0952811B694002A2936 /* Formulario */ = {
			isa = PBXGroup;
			children = (
				622AC0962811B694002A2936 /* ElementoFormulario.swift */,
			);
			path = Formulario;
			sourceTree = "<group>";
		};
		622AC0972811B694002A2936 /* Vista */ = {
			isa = PBXGroup;
			children = (
				622AC0982811B694002A2936 /* FormularioView.swift */,
				622AC0992811B694002A2936 /* SecureFieldFormView.swift */,
				622AC09A2811B694002A2936 /* ModeloFormulario */,
				622AC09C2811B694002A2936 /* DateFormView.swift */,
				622AC09D2811B694002A2936 /* TextFieldFormView.swift */,
				622AC09E2811B694002A2936 /* ButtonFormView.swift */,
			);
			path = Vista;
			sourceTree = "<group>";
		};
		622AC09A2811B694002A2936 /* ModeloFormulario */ = {
			isa = PBXGroup;
			children = (
				622AC09B2811B694002A2936 /* ContenidoFormularioImpl.swift */,
			);
			path = ModeloFormulario;
			sourceTree = "<group>";
		};
		62605824280595C0009D2DC2 /* Utils */ = {
			isa = PBXGroup;
			children = (
				62605825280595C0009D2DC2 /* ImagePicker.swift */,
				62605826280595C0009D2DC2 /* ParsearFecha.swift */,
			);
			path = Utils;
			sourceTree = "<group>";
		};
		62605829280595CD009D2DC2 /* Extensions */ = {
			isa = PBXGroup;
			children = (
			);
			path = Extensions;
			sourceTree = "<group>";
		};
		6260582A280595D3009D2DC2 /* Model */ = {
			isa = PBXGroup;
			children = (
				6260582B280595D3009D2DC2 /* Usuario.swift */,
			);
			path = Model;
			sourceTree = "<group>";
		};
		6260582D280595DB009D2DC2 /* Service */ = {
			isa = PBXGroup;
			children = (
				6260582E280595DB009D2DC2 /* SubirImagen.swift */,
				6260582F280595DB009D2DC2 /* ServicioUsuario.swift */,
				B001F62628157A9600303586 /* SeleccionarFoto.swift */,
				B001F6282815C42F00303586 /* ServicioProducto.swift */,
				B001F62A2815C85200303586 /* GuardarPublicacionViewModel.swift */,
			);
			path = Service;
			sourceTree = "<group>";
		};
		62605832280595E1009D2DC2 /* Core */ = {
			isa = PBXGroup;
			children = (
				62605835280595E1009D2DC2 /* Componentes */,
				6260583C280595E1009D2DC2 /* VistaPrincipal */,
				62605848280595E1009D2DC2 /* Autentificacion */,
				6260583E280595E1009D2DC2 /* Perfil */,
				B0C75C17280813F900AA7A9B /* Publicaciones */,
				62605833280595E1009D2DC2 /* Notificaciones */,
				6260584F280595E1009D2DC2 /* Buscador */,
				62605859280595E1009D2DC2 /* Mensajes */,
				62605842280595E1009D2DC2 /* MenuDesplegable */,
				62605857280595E1009D2DC2 /* MainTab */,
				62605853280595E1009D2DC2 /* Feed */,
			);
			path = Core;
			sourceTree = "<group>";
		};
		62605833280595E1009D2DC2 /* Notificaciones */ = {
			isa = PBXGroup;
			children = (
				62605834280595E1009D2DC2 /* NotificacionesView.swift */,
			);
			path = Notificaciones;
			sourceTree = "<group>";
		};
		62605835280595E1009D2DC2 /* Componentes */ = {
			isa = PBXGroup;
			children = (
				622AC0872811B694002A2936 /* Verificacion */,
				62605836280595E1009D2DC2 /* Autentificacion */,
				62605838280595E1009D2DC2 /* Elementos */,
			);
			path = Componentes;
			sourceTree = "<group>";
		};
		62605836280595E1009D2DC2 /* Autentificacion */ = {
			isa = PBXGroup;
			children = (
				62605837280595E1009D2DC2 /* CabeceraAutentificacionView.swift */,
			);
			path = Autentificacion;
			sourceTree = "<group>";
		};
		62605838280595E1009D2DC2 /* Elementos */ = {
			isa = PBXGroup;
			children = (
				62605839280595E1009D2DC2 /* CamposEntrada.swift */,
				6260583A280595E1009D2DC2 /* CustomInputField.swift */,
				6260583B280595E1009D2DC2 /* FormaCircular.swift */,
			);
			path = Elementos;
			sourceTree = "<group>";
		};
		6260583C280595E1009D2DC2 /* VistaPrincipal */ = {
			isa = PBXGroup;
			children = (
				6260583D280595E1009D2DC2 /* VistaPrincipalView.swift */,
			);
			path = VistaPrincipal;
			sourceTree = "<group>";
		};
		6260583E280595E1009D2DC2 /* Perfil */ = {
			isa = PBXGroup;
			children = (
				6260583F280595E1009D2DC2 /* ModeloVista */,
				62605840280595E1009D2DC2 /* Vista */,
			);
			path = Perfil;
			sourceTree = "<group>";
		};
		6260583F280595E1009D2DC2 /* ModeloVista */ = {
			isa = PBXGroup;
			children = (
			);
			path = ModeloVista;
			sourceTree = "<group>";
		};
		62605840280595E1009D2DC2 /* Vista */ = {
			isa = PBXGroup;
			children = (
				62605841280595E1009D2DC2 /* PerfilView.swift */,
				B027AD5428096C7F001345B2 /* EditPerfilView.swift */,
			);
			path = Vista;
			sourceTree = "<group>";
		};
		62605842280595E1009D2DC2 /* MenuDesplegable */ = {
			isa = PBXGroup;
			children = (
				62605843280595E1009D2DC2 /* ModeloVista */,
				62605845280595E1009D2DC2 /* Vista */,
			);
			path = MenuDesplegable;
			sourceTree = "<group>";
		};
		62605843280595E1009D2DC2 /* ModeloVista */ = {
			isa = PBXGroup;
			children = (
				62605844280595E1009D2DC2 /* MenuDeslizanteModeloView.swift */,
			);
			path = ModeloVista;
			sourceTree = "<group>";
		};
		62605845280595E1009D2DC2 /* Vista */ = {
			isa = PBXGroup;
			children = (
				62605846280595E1009D2DC2 /* MenuDeslizanteView.swift */,
				62605847280595E1009D2DC2 /* MenuDeslizanteFilaElementoView.swift */,
			);
			path = Vista;
			sourceTree = "<group>";
		};
		62605848280595E1009D2DC2 /* Autentificacion */ = {
			isa = PBXGroup;
			children = (
				62605849280595E1009D2DC2 /* ModeloVista */,
				6260584B280595E1009D2DC2 /* Vista */,
			);
			path = Autentificacion;
			sourceTree = "<group>";
		};
		62605849280595E1009D2DC2 /* ModeloVista */ = {
			isa = PBXGroup;
			children = (
				6260584A280595E1009D2DC2 /* AutentificacionModelView.swift */,
			);
			path = ModeloVista;
			sourceTree = "<group>";
		};
		6260584B280595E1009D2DC2 /* Vista */ = {
			isa = PBXGroup;
			children = (
				6260584C280595E1009D2DC2 /* SeleccionarFotoPefilView.swift */,
				6260584D280595E1009D2DC2 /* LoginView.swift */,
				6260584E280595E1009D2DC2 /* RegistroView.swift */,
			);
			path = Vista;
			sourceTree = "<group>";
		};
		6260584F280595E1009D2DC2 /* Buscador */ = {
			isa = PBXGroup;
			children = (
				62605850280595E1009D2DC2 /* ModeloVista */,
				62605851280595E1009D2DC2 /* Vista */,
			);
			path = Buscador;
			sourceTree = "<group>";
		};
		62605850280595E1009D2DC2 /* ModeloVista */ = {
			isa = PBXGroup;
			children = (
			);
			path = ModeloVista;
			sourceTree = "<group>";
		};
		62605851280595E1009D2DC2 /* Vista */ = {
			isa = PBXGroup;
			children = (
				62605852280595E1009D2DC2 /* BuscadorView.swift */,
			);
			path = Vista;
			sourceTree = "<group>";
		};
		62605853280595E1009D2DC2 /* Feed */ = {
			isa = PBXGroup;
			children = (
				B01BB2DF280DA2F000E38958 /* ModeloVista */,
				62605855280595E1009D2DC2 /* View */,
			);
			path = Feed;
			sourceTree = "<group>";
		};
		62605855280595E1009D2DC2 /* View */ = {
			isa = PBXGroup;
			children = (
				62605856280595E1009D2DC2 /* FeedView.swift */,
			);
			path = View;
			sourceTree = "<group>";
		};
		62605857280595E1009D2DC2 /* MainTab */ = {
			isa = PBXGroup;
			children = (
				B027AD5A2809CAAA001345B2 /* ModeloVista */,
				B027AD5C2809CAC0001345B2 /* Vista */,
			);
			path = MainTab;
			sourceTree = "<group>";
		};
		62605859280595E1009D2DC2 /* Mensajes */ = {
			isa = PBXGroup;
			children = (
				6260585A280595E1009D2DC2 /* ModeloVista */,
				6260585B280595E1009D2DC2 /* Vista */,
			);
			path = Mensajes;
			sourceTree = "<group>";
		};
		6260585A280595E1009D2DC2 /* ModeloVista */ = {
			isa = PBXGroup;
			children = (
			);
			path = ModeloVista;
			sourceTree = "<group>";
		};
		6260585B280595E1009D2DC2 /* Vista */ = {
			isa = PBXGroup;
			children = (
				6260585C280595E1009D2DC2 /* MensajesView.swift */,
			);
			path = Vista;
			sourceTree = "<group>";
		};
		B01BB2DF280DA2F000E38958 /* ModeloVista */ = {
			isa = PBXGroup;
			children = (
				B01BB2E2280DA34D00E38958 /* PublicationItem.swift */,
				B01BB2E8280E01B000E38958 /* CourseView.swift */,
			);
			path = ModeloVista;
			sourceTree = "<group>";
		};
		B027AD5A2809CAAA001345B2 /* ModeloVista */ = {
			isa = PBXGroup;
			children = (
				B027AD5F2809CB0B001345B2 /* Tab.swift */,
			);
			path = ModeloVista;
			sourceTree = "<group>";
		};
		B027AD5C2809CAC0001345B2 /* Vista */ = {
			isa = PBXGroup;
			children = (
				62605858280595E1009D2DC2 /* MainTabView.swift */,
			);
			path = Vista;
			sourceTree = "<group>";
		};
		B0448CF327FC5C8400DD6BD2 /* Assets */ = {
			isa = PBXGroup;
			children = (
				B075219927FA1B1C009386AB /* Assets.xcassets */,
				B075219C27FA1B1C009386AB /* Preview Assets.xcassets */,
			);
			path = Assets;
			sourceTree = "<group>";
		};
		B075218927FA1B1A009386AB = {
			isa = PBXGroup;
			children = (
				B075219427FA1B1A009386AB /* SetApp */,
				B075219327FA1B1A009386AB /* Products */,
			);
			sourceTree = "<group>";
		};
		B075219327FA1B1A009386AB /* Products */ = {
			isa = PBXGroup;
			children = (
				B075219227FA1B1A009386AB /* SetApp.app */,
			);
			name = Products;
			sourceTree = "<group>";
		};
		B075219427FA1B1A009386AB /* SetApp */ = {
			isa = PBXGroup;
			children = (
				62605824280595C0009D2DC2 /* Utils */,
				62605829280595CD009D2DC2 /* Extensions */,
				6260582A280595D3009D2DC2 /* Model */,
				6260582D280595DB009D2DC2 /* Service */,
				62605832280595E1009D2DC2 /* Core */,
				B075219527FA1B1A009386AB /* SetAppApp.swift */,
				B075219727FA1B1A009386AB /* ContentView.swift */,
				626058222805958F009D2DC2 /* GoogleService-Info.plist */,
				B0448CF327FC5C8400DD6BD2 /* Assets */,
				B064F7BB27FDF5C9001811FE /* Script.sh */,
			);
			path = SetApp;
			sourceTree = "<group>";
		};
		B0C75C17280813F900AA7A9B /* Publicaciones */ = {
			isa = PBXGroup;
			children = (
				B0C75C182808141B00AA7A9B /* ModeloVista */,
				B0C75C192808142500AA7A9B /* Vista */,
			);
			path = Publicaciones;
			sourceTree = "<group>";
		};
		B0C75C182808141B00AA7A9B /* ModeloVista */ = {
			isa = PBXGroup;
			children = (
			);
			path = ModeloVista;
			sourceTree = "<group>";
		};
		B0C75C192808142500AA7A9B /* Vista */ = {
			isa = PBXGroup;
			children = (
				B0C75C1B2808147D00AA7A9B /* PublicacionView.swift */,
				B0F61894280C9D49001712ED /* EditPubliView.swift */,
			);
			path = Vista;
			sourceTree = "<group>";
		};
/* End PBXGroup section */

/* Begin PBXNativeTarget section */
		B075219127FA1B1A009386AB /* SetApp */ = {
			isa = PBXNativeTarget;
			buildConfigurationList = B07521A027FA1B1C009386AB /* Build configuration list for PBXNativeTarget "SetApp" */;
			buildPhases = (
				B075218E27FA1B1A009386AB /* Sources */,
				B075218F27FA1B1A009386AB /* Frameworks */,
				B075219027FA1B1A009386AB /* Resources */,
			);
			buildRules = (
			);
			dependencies = (
			);
			name = SetApp;
			packageProductDependencies = (
				62605870280597C7009D2DC2 /* FirebaseAnalytics */,
				62605872280597C7009D2DC2 /* FirebaseAnalyticsSwift-Beta */,
				62605874280597C7009D2DC2 /* FirebaseAuth */,
				62605876280597C7009D2DC2 /* FirebaseFirestore */,
				62605878280597C7009D2DC2 /* FirebaseFirestoreSwift-Beta */,
				6260587A280597C7009D2DC2 /* FirebaseStorage */,
				6260587D280597E2009D2DC2 /* Kingfisher */,
			);
			productName = SetApp;
			productReference = B075219227FA1B1A009386AB /* SetApp.app */;
			productType = "com.apple.product-type.application";
		};
/* End PBXNativeTarget section */

/* Begin PBXProject section */
		B075218A27FA1B1A009386AB /* Project object */ = {
			isa = PBXProject;
			attributes = {
				BuildIndependentTargetsInParallel = 1;
				LastSwiftUpdateCheck = 1330;
				LastUpgradeCheck = 1330;
				TargetAttributes = {
					B075219127FA1B1A009386AB = {
						CreatedOnToolsVersion = 13.3;
					};
				};
			};
			buildConfigurationList = B075218D27FA1B1A009386AB /* Build configuration list for PBXProject "SetApp" */;
			compatibilityVersion = "Xcode 13.0";
			developmentRegion = en;
			hasScannedForEncodings = 0;
			knownRegions = (
				en,
				Base,
			);
			mainGroup = B075218927FA1B1A009386AB;
			packageReferences = (
				6260586F280597C7009D2DC2 /* XCRemoteSwiftPackageReference "firebase-ios-sdk" */,
				6260587C280597E2009D2DC2 /* XCRemoteSwiftPackageReference "Kingfisher" */,
			);
			productRefGroup = B075219327FA1B1A009386AB /* Products */;
			projectDirPath = "";
			projectRoot = "";
			targets = (
				B075219127FA1B1A009386AB /* SetApp */,
			);
		};
/* End PBXProject section */

/* Begin PBXResourcesBuildPhase section */
		B075219027FA1B1A009386AB /* Resources */ = {
			isa = PBXResourcesBuildPhase;
			buildActionMask = 2147483647;
			files = (
				B075219D27FA1B1C009386AB /* Preview Assets.xcassets in Resources */,
				B075219A27FA1B1C009386AB /* Assets.xcassets in Resources */,
				626058232805958F009D2DC2 /* GoogleService-Info.plist in Resources */,
			);
			runOnlyForDeploymentPostprocessing = 0;
		};
/* End PBXResourcesBuildPhase section */

/* Begin PBXSourcesBuildPhase section */
		B075218E27FA1B1A009386AB /* Sources */ = {
			isa = PBXSourcesBuildPhase;
			buildActionMask = 2147483647;
			files = (
				62605831280595DB009D2DC2 /* ServicioUsuario.swift in Sources */,
				B001F62728157A9600303586 /* SeleccionarFoto.swift in Sources */,
				62605868280595E1009D2DC2 /* SeleccionarFotoPefilView.swift in Sources */,
				62605830280595DB009D2DC2 /* SubirImagen.swift in Sources */,
				62605864280595E1009D2DC2 /* MenuDeslizanteModeloView.swift in Sources */,
				622AC0A12811B694002A2936 /* ElementoFormularioRegex.swift in Sources */,
				62605867280595E1009D2DC2 /* AutentificacionModelView.swift in Sources */,
				B01BB2E3280DA34D00E38958 /* PublicationItem.swift in Sources */,
				62605827280595C0009D2DC2 /* ImagePicker.swift in Sources */,
				B075219827FA1B1A009386AB /* ContentView.swift in Sources */,
				6260585D280595E1009D2DC2 /* NotificacionesView.swift in Sources */,
				62605865280595E1009D2DC2 /* MenuDeslizanteView.swift in Sources */,
				6260586E280595E1009D2DC2 /* MensajesView.swift in Sources */,
				6260586A280595E1009D2DC2 /* RegistroView.swift in Sources */,
				6260585E280595E1009D2DC2 /* CabeceraAutentificacionView.swift in Sources */,
				622AC0AB2811B694002A2936 /* ButtonFormView.swift in Sources */,
				6260586D280595E1009D2DC2 /* MainTabView.swift in Sources */,
				62605860280595E1009D2DC2 /* CustomInputField.swift in Sources */,
				6260586C280595E1009D2DC2 /* FeedView.swift in Sources */,
				B027AD602809CB0B001345B2 /* Tab.swift in Sources */,
				6260585F280595E1009D2DC2 /* CamposEntrada.swift in Sources */,
				62605863280595E1009D2DC2 /* PerfilView.swift in Sources */,
				622AC0A62811B694002A2936 /* FormularioView.swift in Sources */,
				62605862280595E1009D2DC2 /* VistaPrincipalView.swift in Sources */,
				622AC0A72811B694002A2936 /* SecureFieldFormView.swift in Sources */,
				B001F6292815C42F00303586 /* ServicioProducto.swift in Sources */,
				62605861280595E1009D2DC2 /* FormaCircular.swift in Sources */,
				62605828280595C0009D2DC2 /* ParsearFecha.swift in Sources */,
				6260586B280595E1009D2DC2 /* BuscadorView.swift in Sources */,
				62605866280595E1009D2DC2 /* MenuDeslizanteFilaElementoView.swift in Sources */,
				6260582C280595D3009D2DC2 /* Usuario.swift in Sources */,
				62605869280595E1009D2DC2 /* LoginView.swift in Sources */,
				622AC0A22811B694002A2936 /* PatronesRegex.swift in Sources */,
				622AC09F2811B694002A2936 /* UsuarioFormulario.swift in Sources */,
				B0C75C1C2808147D00AA7A9B /* PublicacionView.swift in Sources */,
				622AC0A52811B694002A2936 /* ElementoFormulario.swift in Sources */,
				622AC0A02811B694002A2936 /* UsuarioRegistro.swift in Sources */,
				622AC0A92811B694002A2936 /* DateFormView.swift in Sources */,
				B01BB2E9280E01B000E38958 /* CourseView.swift in Sources */,
				B001F62B2815C85300303586 /* GuardarPublicacionViewModel.swift in Sources */,
				622AC0AA2811B694002A2936 /* TextFieldFormView.swift in Sources */,
				622AC0A82811B694002A2936 /* ContenidoFormularioImpl.swift in Sources */,
				B0F61895280C9D49001712ED /* EditPubliView.swift in Sources */,
				622AC0A42811B694002A2936 /* ValidarError.swift in Sources */,
				622AC0A32811B694002A2936 /* FormularioEstado.swift in Sources */,
				B027AD5528096C7F001345B2 /* EditPerfilView.swift in Sources */,
				B075219627FA1B1A009386AB /* SetAppApp.swift in Sources */,
			);
			runOnlyForDeploymentPostprocessing = 0;
		};
/* End PBXSourcesBuildPhase section */

/* Begin XCBuildConfiguration section */
		B075219E27FA1B1C009386AB /* Debug */ = {
			isa = XCBuildConfiguration;
			buildSettings = {
				ALWAYS_SEARCH_USER_PATHS = NO;
				CLANG_ANALYZER_NONNULL = YES;
				CLANG_ANALYZER_NUMBER_OBJECT_CONVERSION = YES_AGGRESSIVE;
				CLANG_CXX_LANGUAGE_STANDARD = "gnu++17";
				CLANG_ENABLE_MODULES = YES;
				CLANG_ENABLE_OBJC_ARC = YES;
				CLANG_ENABLE_OBJC_WEAK = YES;
				CLANG_WARN_BLOCK_CAPTURE_AUTORELEASING = YES;
				CLANG_WARN_BOOL_CONVERSION = YES;
				CLANG_WARN_COMMA = YES;
				CLANG_WARN_CONSTANT_CONVERSION = YES;
				CLANG_WARN_DEPRECATED_OBJC_IMPLEMENTATIONS = YES;
				CLANG_WARN_DIRECT_OBJC_ISA_USAGE = YES_ERROR;
				CLANG_WARN_DOCUMENTATION_COMMENTS = YES;
				CLANG_WARN_EMPTY_BODY = YES;
				CLANG_WARN_ENUM_CONVERSION = YES;
				CLANG_WARN_INFINITE_RECURSION = YES;
				CLANG_WARN_INT_CONVERSION = YES;
				CLANG_WARN_NON_LITERAL_NULL_CONVERSION = YES;
				CLANG_WARN_OBJC_IMPLICIT_RETAIN_SELF = YES;
				CLANG_WARN_OBJC_LITERAL_CONVERSION = YES;
				CLANG_WARN_OBJC_ROOT_CLASS = YES_ERROR;
				CLANG_WARN_QUOTED_INCLUDE_IN_FRAMEWORK_HEADER = YES;
				CLANG_WARN_RANGE_LOOP_ANALYSIS = YES;
				CLANG_WARN_STRICT_PROTOTYPES = YES;
				CLANG_WARN_SUSPICIOUS_MOVE = YES;
				CLANG_WARN_UNGUARDED_AVAILABILITY = YES_AGGRESSIVE;
				CLANG_WARN_UNREACHABLE_CODE = YES;
				CLANG_WARN__DUPLICATE_METHOD_MATCH = YES;
				COPY_PHASE_STRIP = NO;
				DEBUG_INFORMATION_FORMAT = dwarf;
				ENABLE_STRICT_OBJC_MSGSEND = YES;
				ENABLE_TESTABILITY = YES;
				GCC_C_LANGUAGE_STANDARD = gnu11;
				GCC_DYNAMIC_NO_PIC = NO;
				GCC_NO_COMMON_BLOCKS = YES;
				GCC_OPTIMIZATION_LEVEL = 0;
				GCC_PREPROCESSOR_DEFINITIONS = (
					"DEBUG=1",
					"$(inherited)",
				);
				GCC_WARN_64_TO_32_BIT_CONVERSION = YES;
				GCC_WARN_ABOUT_RETURN_TYPE = YES_ERROR;
				GCC_WARN_UNDECLARED_SELECTOR = YES;
				GCC_WARN_UNINITIALIZED_AUTOS = YES_AGGRESSIVE;
				GCC_WARN_UNUSED_FUNCTION = YES;
				GCC_WARN_UNUSED_VARIABLE = YES;
				IPHONEOS_DEPLOYMENT_TARGET = 15.4;
				MTL_ENABLE_DEBUG_INFO = INCLUDE_SOURCE;
				MTL_FAST_MATH = YES;
				ONLY_ACTIVE_ARCH = YES;
				SDKROOT = iphoneos;
				SWIFT_ACTIVE_COMPILATION_CONDITIONS = DEBUG;
				SWIFT_OPTIMIZATION_LEVEL = "-Onone";
			};
			name = Debug;
		};
		B075219F27FA1B1C009386AB /* Release */ = {
			isa = XCBuildConfiguration;
			buildSettings = {
				ALWAYS_SEARCH_USER_PATHS = NO;
				CLANG_ANALYZER_NONNULL = YES;
				CLANG_ANALYZER_NUMBER_OBJECT_CONVERSION = YES_AGGRESSIVE;
				CLANG_CXX_LANGUAGE_STANDARD = "gnu++17";
				CLANG_ENABLE_MODULES = YES;
				CLANG_ENABLE_OBJC_ARC = YES;
				CLANG_ENABLE_OBJC_WEAK = YES;
				CLANG_WARN_BLOCK_CAPTURE_AUTORELEASING = YES;
				CLANG_WARN_BOOL_CONVERSION = YES;
				CLANG_WARN_COMMA = YES;
				CLANG_WARN_CONSTANT_CONVERSION = YES;
				CLANG_WARN_DEPRECATED_OBJC_IMPLEMENTATIONS = YES;
				CLANG_WARN_DIRECT_OBJC_ISA_USAGE = YES_ERROR;
				CLANG_WARN_DOCUMENTATION_COMMENTS = YES;
				CLANG_WARN_EMPTY_BODY = YES;
				CLANG_WARN_ENUM_CONVERSION = YES;
				CLANG_WARN_INFINITE_RECURSION = YES;
				CLANG_WARN_INT_CONVERSION = YES;
				CLANG_WARN_NON_LITERAL_NULL_CONVERSION = YES;
				CLANG_WARN_OBJC_IMPLICIT_RETAIN_SELF = YES;
				CLANG_WARN_OBJC_LITERAL_CONVERSION = YES;
				CLANG_WARN_OBJC_ROOT_CLASS = YES_ERROR;
				CLANG_WARN_QUOTED_INCLUDE_IN_FRAMEWORK_HEADER = YES;
				CLANG_WARN_RANGE_LOOP_ANALYSIS = YES;
				CLANG_WARN_STRICT_PROTOTYPES = YES;
				CLANG_WARN_SUSPICIOUS_MOVE = YES;
				CLANG_WARN_UNGUARDED_AVAILABILITY = YES_AGGRESSIVE;
				CLANG_WARN_UNREACHABLE_CODE = YES;
				CLANG_WARN__DUPLICATE_METHOD_MATCH = YES;
				COPY_PHASE_STRIP = NO;
				DEBUG_INFORMATION_FORMAT = "dwarf-with-dsym";
				ENABLE_NS_ASSERTIONS = NO;
				ENABLE_STRICT_OBJC_MSGSEND = YES;
				GCC_C_LANGUAGE_STANDARD = gnu11;
				GCC_NO_COMMON_BLOCKS = YES;
				GCC_WARN_64_TO_32_BIT_CONVERSION = YES;
				GCC_WARN_ABOUT_RETURN_TYPE = YES_ERROR;
				GCC_WARN_UNDECLARED_SELECTOR = YES;
				GCC_WARN_UNINITIALIZED_AUTOS = YES_AGGRESSIVE;
				GCC_WARN_UNUSED_FUNCTION = YES;
				GCC_WARN_UNUSED_VARIABLE = YES;
				IPHONEOS_DEPLOYMENT_TARGET = 15.4;
				MTL_ENABLE_DEBUG_INFO = NO;
				MTL_FAST_MATH = YES;
				SDKROOT = iphoneos;
				SWIFT_COMPILATION_MODE = wholemodule;
				SWIFT_OPTIMIZATION_LEVEL = "-O";
				VALIDATE_PRODUCT = YES;
			};
			name = Release;
		};
		B07521A127FA1B1C009386AB /* Debug */ = {
			isa = XCBuildConfiguration;
			buildSettings = {
				ASSETCATALOG_COMPILER_APPICON_NAME = AppIcon;
				ASSETCATALOG_COMPILER_GLOBAL_ACCENT_COLOR_NAME = AccentColor;
				CODE_SIGN_STYLE = Automatic;
				CURRENT_PROJECT_VERSION = 1;
				DEVELOPMENT_TEAM = HA55PZG2CJ;
				ENABLE_PREVIEWS = YES;
				GENERATE_INFOPLIST_FILE = YES;
				INFOPLIST_KEY_UIApplicationSceneManifest_Generation = YES;
				INFOPLIST_KEY_UIApplicationSupportsIndirectInputEvents = YES;
				INFOPLIST_KEY_UILaunchScreen_Generation = YES;
				INFOPLIST_KEY_UISupportedInterfaceOrientations_iPad = "UIInterfaceOrientationPortrait UIInterfaceOrientationPortraitUpsideDown UIInterfaceOrientationLandscapeLeft UIInterfaceOrientationLandscapeRight";
				INFOPLIST_KEY_UISupportedInterfaceOrientations_iPhone = "UIInterfaceOrientationPortrait UIInterfaceOrientationLandscapeLeft UIInterfaceOrientationLandscapeRight";
				LD_RUNPATH_SEARCH_PATHS = (
					"$(inherited)",
					"@executable_path/Frameworks",
				);
				MARKETING_VERSION = 1.0;
				PRODUCT_BUNDLE_IDENTIFIER = code.SetApp;
				PRODUCT_NAME = "$(TARGET_NAME)";
				SWIFT_EMIT_LOC_STRINGS = YES;
				SWIFT_VERSION = 5.0;
				TARGETED_DEVICE_FAMILY = "1,2";
			};
			name = Debug;
		};
		B07521A227FA1B1C009386AB /* Release */ = {
			isa = XCBuildConfiguration;
			buildSettings = {
				ASSETCATALOG_COMPILER_APPICON_NAME = AppIcon;
				ASSETCATALOG_COMPILER_GLOBAL_ACCENT_COLOR_NAME = AccentColor;
				CODE_SIGN_STYLE = Automatic;
				CURRENT_PROJECT_VERSION = 1;
				DEVELOPMENT_TEAM = HA55PZG2CJ;
				ENABLE_PREVIEWS = YES;
				GENERATE_INFOPLIST_FILE = YES;
				INFOPLIST_KEY_UIApplicationSceneManifest_Generation = YES;
				INFOPLIST_KEY_UIApplicationSupportsIndirectInputEvents = YES;
				INFOPLIST_KEY_UILaunchScreen_Generation = YES;
				INFOPLIST_KEY_UISupportedInterfaceOrientations_iPad = "UIInterfaceOrientationPortrait UIInterfaceOrientationPortraitUpsideDown UIInterfaceOrientationLandscapeLeft UIInterfaceOrientationLandscapeRight";
				INFOPLIST_KEY_UISupportedInterfaceOrientations_iPhone = "UIInterfaceOrientationPortrait UIInterfaceOrientationLandscapeLeft UIInterfaceOrientationLandscapeRight";
				LD_RUNPATH_SEARCH_PATHS = (
					"$(inherited)",
					"@executable_path/Frameworks",
				);
				MARKETING_VERSION = 1.0;
				PRODUCT_BUNDLE_IDENTIFIER = code.SetApp;
				PRODUCT_NAME = "$(TARGET_NAME)";
				SWIFT_EMIT_LOC_STRINGS = YES;
				SWIFT_VERSION = 5.0;
				TARGETED_DEVICE_FAMILY = "1,2";
			};
			name = Release;
		};
/* End XCBuildConfiguration section */

/* Begin XCConfigurationList section */
		B075218D27FA1B1A009386AB /* Build configuration list for PBXProject "SetApp" */ = {
			isa = XCConfigurationList;
			buildConfigurations = (
				B075219E27FA1B1C009386AB /* Debug */,
				B075219F27FA1B1C009386AB /* Release */,
			);
			defaultConfigurationIsVisible = 0;
			defaultConfigurationName = Release;
		};
		B07521A027FA1B1C009386AB /* Build configuration list for PBXNativeTarget "SetApp" */ = {
			isa = XCConfigurationList;
			buildConfigurations = (
				B07521A127FA1B1C009386AB /* Debug */,
				B07521A227FA1B1C009386AB /* Release */,
			);
			defaultConfigurationIsVisible = 0;
			defaultConfigurationName = Release;
		};
/* End XCConfigurationList section */

/* Begin XCRemoteSwiftPackageReference section */
		6260586F280597C7009D2DC2 /* XCRemoteSwiftPackageReference "firebase-ios-sdk" */ = {
			isa = XCRemoteSwiftPackageReference;
			repositoryURL = "https://github.com/firebase/firebase-ios-sdk";
			requirement = {
				kind = upToNextMajorVersion;
				minimumVersion = 8.0.0;
			};
		};
		6260587C280597E2009D2DC2 /* XCRemoteSwiftPackageReference "Kingfisher" */ = {
			isa = XCRemoteSwiftPackageReference;
			repositoryURL = "https://github.com/onevcat/Kingfisher.git";
			requirement = {
				branch = master;
				kind = branch;
			};
		};
/* End XCRemoteSwiftPackageReference section */

/* Begin XCSwiftPackageProductDependency section */
		62605870280597C7009D2DC2 /* FirebaseAnalytics */ = {
			isa = XCSwiftPackageProductDependency;
			package = 6260586F280597C7009D2DC2 /* XCRemoteSwiftPackageReference "firebase-ios-sdk" */;
			productName = FirebaseAnalytics;
		};
		62605872280597C7009D2DC2 /* FirebaseAnalyticsSwift-Beta */ = {
			isa = XCSwiftPackageProductDependency;
			package = 6260586F280597C7009D2DC2 /* XCRemoteSwiftPackageReference "firebase-ios-sdk" */;
			productName = "FirebaseAnalyticsSwift-Beta";
		};
		62605874280597C7009D2DC2 /* FirebaseAuth */ = {
			isa = XCSwiftPackageProductDependency;
			package = 6260586F280597C7009D2DC2 /* XCRemoteSwiftPackageReference "firebase-ios-sdk" */;
			productName = FirebaseAuth;
		};
		62605876280597C7009D2DC2 /* FirebaseFirestore */ = {
			isa = XCSwiftPackageProductDependency;
			package = 6260586F280597C7009D2DC2 /* XCRemoteSwiftPackageReference "firebase-ios-sdk" */;
			productName = FirebaseFirestore;
		};
		62605878280597C7009D2DC2 /* FirebaseFirestoreSwift-Beta */ = {
			isa = XCSwiftPackageProductDependency;
			package = 6260586F280597C7009D2DC2 /* XCRemoteSwiftPackageReference "firebase-ios-sdk" */;
			productName = "FirebaseFirestoreSwift-Beta";
		};
		6260587A280597C7009D2DC2 /* FirebaseStorage */ = {
			isa = XCSwiftPackageProductDependency;
			package = 6260586F280597C7009D2DC2 /* XCRemoteSwiftPackageReference "firebase-ios-sdk" */;
			productName = FirebaseStorage;
		};
		6260587D280597E2009D2DC2 /* Kingfisher */ = {
			isa = XCSwiftPackageProductDependency;
			package = 6260587C280597E2009D2DC2 /* XCRemoteSwiftPackageReference "Kingfisher" */;
			productName = Kingfisher;
		};
/* End XCSwiftPackageProductDependency section */
	};
	rootObject = B075218A27FA1B1A009386AB /* Project object */;
}
